
Microsoft Visual Studio Solution File, Format Version 12.00
# Visual Studio Version 16
VisualStudioVersion = 16.0.29503.13
MinimumVisualStudioVersion = 10.0.40219.1
Project("{9A19103F-16F7-4668-BE54-9A1E7A4F7556}") = "TestProgram", "ConsoleApp1\TestProgram.csproj", "{2443C503-55BA-4588-AB8E-44941C5FACA0}"
EndProject
Project("{9A19103F-16F7-4668-BE54-9A1E7A4F7556}") = "FactoryPattern", "Singleton\FactoryPattern.csproj", "{7359CAE2-56AD-400A-A503-10120E9D1466}"
EndProject
Project("{9A19103F-16F7-4668-BE54-9A1E7A4F7556}") = "StaticObj", "StaticObj\StaticObj.csproj", "{896E3916-DAAD-419B-B7C6-7519AA1E183D}"
EndProject
Project("{9A19103F-16F7-4668-BE54-9A1E7A4F7556}") = "SingletonPattern", "SingletonPattern\SingletonPattern.csproj", "{BC2CB659-7D0C-400C-B5F4-51701DED200D}"
EndProject
Project("{2150E333-8FDC-42A3-9474-1A3956D46DE8}") = "Pattern", "Pattern", "{F9DD42EF-E798-41BF-84D9-758B70A1ACF9}"
EndProject
Project("{2150E333-8FDC-42A3-9474-1A3956D46DE8}") = "Common", "Common", "{97671AF2-E839-4DE3-A68E-5AFD72C19F7C}"
EndProject
Project("{2150E333-8FDC-42A3-9474-1A3956D46DE8}") = "PrincipleMindset", "PrincipleMindset", "{5D36A654-45D2-4445-8B3E-6600844C3194}"
EndProject
Project("{9A19103F-16F7-4668-BE54-9A1E7A4F7556}") = "DatabaseManagement", "DependencyInjection\DatabaseManagement.csproj", "{CFC75BB7-8A37-4F20-AFA0-F841D4923F4C}"
EndProject
Project("{2150E333-8FDC-42A3-9474-1A3956D46DE8}") = "Inversion of control", "Inversion of control", "{0155A1A6-4A15-4036-9038-D06C90933627}"
EndProject
Project("{9A19103F-16F7-4668-BE54-9A1E7A4F7556}") = "ServiceManagement", "ServiceManagement\ServiceManagement.csproj", "{A4B88854-FEF9-4799-A991-3B2398D1FAF8}"
EndProject
Project("{9A19103F-16F7-4668-BE54-9A1E7A4F7556}") = "MementoPattern", "Memeto\MementoPattern.csproj", "{4408E9D9-9A85-4BFE-AF09-5E20B18931CA}"
EndProject
Project("{2150E333-8FDC-42A3-9474-1A3956D46DE8}") = "Web Application", "Web Application", "{78A3BC94-58EA-48BC-9489-12CEE346448F}"
EndProject
Project("{2150E333-8FDC-42A3-9474-1A3956D46DE8}") = "DBAccessInterface", "DBAccessInterface", "{8B8BD0FD-69EF-4CAA-8EFC-276445D7F3CC}"
EndProject
Project("{2150E333-8FDC-42A3-9474-1A3956D46DE8}") = "APIHandling", "APIHandling", "{1FAA7ED3-E9CB-4FD0-A36E-34171C898B24}"
EndProject
Project("{2150E333-8FDC-42A3-9474-1A3956D46DE8}") = "Sevices", "Sevices", "{DFE8DF24-7907-417D-B6C2-351A78475CDD}"
EndProject
Project("{9A19103F-16F7-4668-BE54-9A1E7A4F7556}") = "MyApplication", "WebApplication1\MyApplication.csproj", "{DB86F30D-C15E-4273-810A-3EB711259E28}"
EndProject
Project("{2150E333-8FDC-42A3-9474-1A3956D46DE8}") = "StructuralPattern", "StructuralPattern", "{EF9451B1-183E-4FB3-94B0-6760184A2B53}"
EndProject
Project("{2150E333-8FDC-42A3-9474-1A3956D46DE8}") = "CreationalPattern", "CreationalPattern", "{36851FE9-0F09-4927-AC60-54C22BADDD18}"
EndProject
Project("{2150E333-8FDC-42A3-9474-1A3956D46DE8}") = "BehavioralPattern", "BehavioralPattern", "{24E5F7E0-4E0B-4216-BA42-4587EBB5E05D}"
EndProject
Project("{FAE04EC0-301F-11D3-BF4B-00C04F79EFBC}") = "LoadBalancerSingleInstance", "LoadBalancerSingleInstance\LoadBalancerSingleInstance.csproj", "{B2E263CA-5781-47EB-A19B-EDDC7E43B88F}"
EndProject
Global
	GlobalSection(SolutionConfigurationPlatforms) = preSolution
		Debug|Any CPU = Debug|Any CPU
		Release|Any CPU = Release|Any CPU
	EndGlobalSection
	GlobalSection(ProjectConfigurationPlatforms) = postSolution
		{2443C503-55BA-4588-AB8E-44941C5FACA0}.Debug|Any CPU.ActiveCfg = Debug|Any CPU
		{2443C503-55BA-4588-AB8E-44941C5FACA0}.Debug|Any CPU.Build.0 = Debug|Any CPU
		{2443C503-55BA-4588-AB8E-44941C5FACA0}.Release|Any CPU.ActiveCfg = Release|Any CPU
		{2443C503-55BA-4588-AB8E-44941C5FACA0}.Release|Any CPU.Build.0 = Release|Any CPU
		{7359CAE2-56AD-400A-A503-10120E9D1466}.Debug|Any CPU.ActiveCfg = Debug|Any CPU
		{7359CAE2-56AD-400A-A503-10120E9D1466}.Debug|Any CPU.Build.0 = Debug|Any CPU
		{7359CAE2-56AD-400A-A503-10120E9D1466}.Release|Any CPU.ActiveCfg = Release|Any CPU
		{7359CAE2-56AD-400A-A503-10120E9D1466}.Release|Any CPU.Build.0 = Release|Any CPU
		{896E3916-DAAD-419B-B7C6-7519AA1E183D}.Debug|Any CPU.ActiveCfg = Debug|Any CPU
		{896E3916-DAAD-419B-B7C6-7519AA1E183D}.Debug|Any CPU.Build.0 = Debug|Any CPU
		{896E3916-DAAD-419B-B7C6-7519AA1E183D}.Release|Any CPU.ActiveCfg = Release|Any CPU
		{896E3916-DAAD-419B-B7C6-7519AA1E183D}.Release|Any CPU.Build.0 = Release|Any CPU
		{BC2CB659-7D0C-400C-B5F4-51701DED200D}.Debug|Any CPU.ActiveCfg = Debug|Any CPU
		{BC2CB659-7D0C-400C-B5F4-51701DED200D}.Debug|Any CPU.Build.0 = Debug|Any CPU
		{BC2CB659-7D0C-400C-B5F4-51701DED200D}.Release|Any CPU.ActiveCfg = Release|Any CPU
		{BC2CB659-7D0C-400C-B5F4-51701DED200D}.Release|Any CPU.Build.0 = Release|Any CPU
		{CFC75BB7-8A37-4F20-AFA0-F841D4923F4C}.Debug|Any CPU.ActiveCfg = Debug|Any CPU
		{CFC75BB7-8A37-4F20-AFA0-F841D4923F4C}.Debug|Any CPU.Build.0 = Debug|Any CPU
		{CFC75BB7-8A37-4F20-AFA0-F841D4923F4C}.Release|Any CPU.ActiveCfg = Release|Any CPU
		{CFC75BB7-8A37-4F20-AFA0-F841D4923F4C}.Release|Any CPU.Build.0 = Release|Any CPU
		{A4B88854-FEF9-4799-A991-3B2398D1FAF8}.Debug|Any CPU.ActiveCfg = Debug|Any CPU
		{A4B88854-FEF9-4799-A991-3B2398D1FAF8}.Debug|Any CPU.Build.0 = Debug|Any CPU
		{A4B88854-FEF9-4799-A991-3B2398D1FAF8}.Release|Any CPU.ActiveCfg = Release|Any CPU
		{A4B88854-FEF9-4799-A991-3B2398D1FAF8}.Release|Any CPU.Build.0 = Release|Any CPU
		{4408E9D9-9A85-4BFE-AF09-5E20B18931CA}.Debug|Any CPU.ActiveCfg = Debug|Any CPU
		{4408E9D9-9A85-4BFE-AF09-5E20B18931CA}.Debug|Any CPU.Build.0 = Debug|Any CPU
		{4408E9D9-9A85-4BFE-AF09-5E20B18931CA}.Release|Any CPU.ActiveCfg = Release|Any CPU
		{4408E9D9-9A85-4BFE-AF09-5E20B18931CA}.Release|Any CPU.Build.0 = Release|Any CPU
		{DB86F30D-C15E-4273-810A-3EB711259E28}.Debug|Any CPU.ActiveCfg = Debug|Any CPU
		{DB86F30D-C15E-4273-810A-3EB711259E28}.Debug|Any CPU.Build.0 = Debug|Any CPU
		{DB86F30D-C15E-4273-810A-3EB711259E28}.Release|Any CPU.ActiveCfg = Release|Any CPU
		{DB86F30D-C15E-4273-810A-3EB711259E28}.Release|Any CPU.Build.0 = Release|Any CPU
		{B2E263CA-5781-47EB-A19B-EDDC7E43B88F}.Debug|Any CPU.ActiveCfg = Debug|Any CPU
		{B2E263CA-5781-47EB-A19B-EDDC7E43B88F}.Debug|Any CPU.Build.0 = Debug|Any CPU
		{B2E263CA-5781-47EB-A19B-EDDC7E43B88F}.Release|Any CPU.ActiveCfg = Release|Any CPU
		{B2E263CA-5781-47EB-A19B-EDDC7E43B88F}.Release|Any CPU.Build.0 = Release|Any CPU
	EndGlobalSection
	GlobalSection(SolutionProperties) = preSolution
		HideSolutionNode = FALSE
	EndGlobalSection
	GlobalSection(NestedProjects) = preSolution
		{7359CAE2-56AD-400A-A503-10120E9D1466} = {36851FE9-0F09-4927-AC60-54C22BADDD18}
		{896E3916-DAAD-419B-B7C6-7519AA1E183D} = {97671AF2-E839-4DE3-A68E-5AFD72C19F7C}
		{BC2CB659-7D0C-400C-B5F4-51701DED200D} = {EF9451B1-183E-4FB3-94B0-6760184A2B53}
		{CFC75BB7-8A37-4F20-AFA0-F841D4923F4C} = {0155A1A6-4A15-4036-9038-D06C90933627}
		{0155A1A6-4A15-4036-9038-D06C90933627} = {5D36A654-45D2-4445-8B3E-6600844C3194}
		{A4B88854-FEF9-4799-A991-3B2398D1FAF8} = {0155A1A6-4A15-4036-9038-D06C90933627}
		{4408E9D9-9A85-4BFE-AF09-5E20B18931CA} = {24E5F7E0-4E0B-4216-BA42-4587EBB5E05D}
		{DB86F30D-C15E-4273-810A-3EB711259E28} = {78A3BC94-58EA-48BC-9489-12CEE346448F}
		{EF9451B1-183E-4FB3-94B0-6760184A2B53} = {F9DD42EF-E798-41BF-84D9-758B70A1ACF9}
		{36851FE9-0F09-4927-AC60-54C22BADDD18} = {F9DD42EF-E798-41BF-84D9-758B70A1ACF9}
		{24E5F7E0-4E0B-4216-BA42-4587EBB5E05D} = {F9DD42EF-E798-41BF-84D9-758B70A1ACF9}
		{B2E263CA-5781-47EB-A19B-EDDC7E43B88F} = {EF9451B1-183E-4FB3-94B0-6760184A2B53}
	EndGlobalSection
	GlobalSection(ExtensibilityGlobals) = postSolution
		SolutionGuid = {918239B4-F2DD-4B1E-8B14-60CD9A0C91BC}
	EndGlobalSection
EndGlobal
